
Microsoft Visual Studio Solution File, Format Version 12.00
# Visual Studio Version 17
VisualStudioVersion = 17.11.35312.102
MinimumVisualStudioVersion = 10.0.40219.1
Project("{9A19103F-16F7-4668-BE54-9A1E7A4F7556}") = "Person", "Person.csproj", "{10618FBF-181D-4880-9C6D-30563333BD9A}"
EndProject
Global
	GlobalSection(SolutionConfigurationPlatforms) = preSolution
		Debug|Any CPU = Debug|Any CPU
		Release|Any CPU = Release|Any CPU
	EndGlobalSection
	GlobalSection(ProjectConfigurationPlatforms) = postSolution
		{10618FBF-181D-4880-9C6D-30563333BD9A}.Debug|Any CPU.ActiveCfg = Debug|Any CPU
		{10618FBF-181D-4880-9C6D-30563333BD9A}.Debug|Any CPU.Build.0 = Debug|Any CPU
		{10618FBF-181D-4880-9C6D-30563333BD9A}.Release|Any CPU.ActiveCfg = Release|Any CPU
		{10618FBF-181D-4880-9C6D-30563333BD9A}.Release|Any CPU.Build.0 = Release|Any CPU
	EndGlobalSection
	GlobalSection(SolutionProperties) = preSolution
		HideSolutionNode = FALSE
	EndGlobalSection
	GlobalSection(ExtensibilityGlobals) = postSolution
		SolutionGuid = {5CC9EA0A-4D4D-4E1A-B875-19C47331F214}
	EndGlobalSection
EndGlobal
